// !$*UTF8*$!
{
	archiveVersion = 1;
	classes = {
	};
	objectVersion = 55;
	objects = {

/* Begin PBXBuildFile section */
		8C8526D12785545000BDC6C2 /* UIScreen+Extension.swift in Sources */ = {isa = PBXBuildFile; fileRef = 8C8526D02785545000BDC6C2 /* UIScreen+Extension.swift */; };
		8C8526D427855EE500BDC6C2 /* SettingsPageView.swift in Sources */ = {isa = PBXBuildFile; fileRef = 8C8526D327855EE500BDC6C2 /* SettingsPageView.swift */; };
		8C8526D627857B4500BDC6C2 /* SideMenuViewModel.swift in Sources */ = {isa = PBXBuildFile; fileRef = 8C8526D527857B4500BDC6C2 /* SideMenuViewModel.swift */; };
		8C8526DA2785985D00BDC6C2 /* AnalyticsPageView.swift in Sources */ = {isa = PBXBuildFile; fileRef = 8C8526D92785985D00BDC6C2 /* AnalyticsPageView.swift */; };
		8C8526DD278598A100BDC6C2 /* CategoriesPageView.swift in Sources */ = {isa = PBXBuildFile; fileRef = 8C8526DC278598A100BDC6C2 /* CategoriesPageView.swift */; };
		8C8526E02785992300BDC6C2 /* TemplatesPageView.swift in Sources */ = {isa = PBXBuildFile; fileRef = 8C8526DF2785992300BDC6C2 /* TemplatesPageView.swift */; };
		8C8526E327859A1200BDC6C2 /* BaseViewMenu.swift in Sources */ = {isa = PBXBuildFile; fileRef = 8C8526E227859A1200BDC6C2 /* BaseViewMenu.swift */; };
		8C8526ED278708BD00BDC6C2 /* CategoriesViewCell.swift in Sources */ = {isa = PBXBuildFile; fileRef = 8C8526EC278708BD00BDC6C2 /* CategoriesViewCell.swift */; };
		8C8526EF27870B2500BDC6C2 /* CategoriesData.swift in Sources */ = {isa = PBXBuildFile; fileRef = 8C8526EE27870B2500BDC6C2 /* CategoriesData.swift */; };
		8CC07177278C26B900410BA0 /* MyAppDelegate.swift in Sources */ = {isa = PBXBuildFile; fileRef = 8CC07176278C26B900410BA0 /* MyAppDelegate.swift */; };
		8CC0717B278C3D2F00410BA0 /* ListsTaskPageView.swift in Sources */ = {isa = PBXBuildFile; fileRef = 8CC0717A278C3D2F00410BA0 /* ListsTaskPageView.swift */; };
		8CC0717D278C4CED00410BA0 /* UIView+Extension.swift in Sources */ = {isa = PBXBuildFile; fileRef = 8CC0717C278C4CED00410BA0 /* UIView+Extension.swift */; };
		8CE20211277D6B050002926D /* LearnSwiftUIApp.swift in Sources */ = {isa = PBXBuildFile; fileRef = 8CE20210277D6B050002926D /* LearnSwiftUIApp.swift */; };
		8CE20213277D6B050002926D /* ContentView.swift in Sources */ = {isa = PBXBuildFile; fileRef = 8CE20212277D6B050002926D /* ContentView.swift */; };
		8CE20215277D6B070002926D /* Assets.xcassets in Resources */ = {isa = PBXBuildFile; fileRef = 8CE20214277D6B070002926D /* Assets.xcassets */; };
		8CE20218277D6B070002926D /* Preview Assets.xcassets in Resources */ = {isa = PBXBuildFile; fileRef = 8CE20217277D6B070002926D /* Preview Assets.xcassets */; };
		8CE20221277D6FA70002926D /* CircleImage.swift in Sources */ = {isa = PBXBuildFile; fileRef = 8CE20220277D6FA70002926D /* CircleImage.swift */; };
		8CE20223277D71F40002926D /* Mapview.swift in Sources */ = {isa = PBXBuildFile; fileRef = 8CE20222277D71F40002926D /* Mapview.swift */; };
		8CE20226277D8DBF0002926D /* landmarkData.json in Resources */ = {isa = PBXBuildFile; fileRef = 8CE20225277D8DBF0002926D /* landmarkData.json */; };
		8CE20228277D8DF70002926D /* LearnSwiftModel.swift in Sources */ = {isa = PBXBuildFile; fileRef = 8CE20227277D8DF70002926D /* LearnSwiftModel.swift */; };
		8CE2022A277D8F070002926D /* ModelData.swift.swift in Sources */ = {isa = PBXBuildFile; fileRef = 8CE20229277D8F070002926D /* ModelData.swift.swift */; };
		8CE2022E277D8F940002926D /* LearnSwiftUIRow.swift in Sources */ = {isa = PBXBuildFile; fileRef = 8CE2022D277D8F940002926D /* LearnSwiftUIRow.swift */; };
		8CE20230277D91360002926D /* LearnSwiftUIList.swift in Sources */ = {isa = PBXBuildFile; fileRef = 8CE2022F277D91360002926D /* LearnSwiftUIList.swift */; };
		8CE20232277D93E80002926D /* Detail.swift in Sources */ = {isa = PBXBuildFile; fileRef = 8CE20231277D93E80002926D /* Detail.swift */; };
		8CE20236277D9B170002926D /* HomePageView.swift in Sources */ = {isa = PBXBuildFile; fileRef = 8CE20235277D9B170002926D /* HomePageView.swift */; };
		8CE2023A277DB07D0002926D /* DataModel.swift in Sources */ = {isa = PBXBuildFile; fileRef = 8CE20239277DB07D0002926D /* DataModel.swift */; };
		8CE2023D277DBF5E0002926D /* CategoryRow.swift in Sources */ = {isa = PBXBuildFile; fileRef = 8CE2023C277DBF5E0002926D /* CategoryRow.swift */; };
		8CE2023F277DBF980002926D /* TodayTaskRow.swift in Sources */ = {isa = PBXBuildFile; fileRef = 8CE2023E277DBF980002926D /* TodayTaskRow.swift */; };
		8CE48A4327901C5C002FE12B /* AddNewTaskPage.swift in Sources */ = {isa = PBXBuildFile; fileRef = 8CE48A4227901C5C002FE12B /* AddNewTaskPage.swift */; };
		8CE48A452790280E002FE12B /* MutilineTextView.swift in Sources */ = {isa = PBXBuildFile; fileRef = 8CE48A442790280E002FE12B /* MutilineTextView.swift */; };
		8CE48A49279044B5002FE12B /* WillDisappearHandler.swift in Sources */ = {isa = PBXBuildFile; fileRef = 8CE48A48279044B5002FE12B /* WillDisappearHandler.swift */; };
		8CE48A4C27911D26002FE12B /* LearnSwiftUI.xcdatamodeld in Sources */ = {isa = PBXBuildFile; fileRef = 8CE48A4A27911D25002FE12B /* LearnSwiftUI.xcdatamodeld */; };
		8CE48A6F27912952002FE12B /* AddNewCategoryView.swift in Sources */ = {isa = PBXBuildFile; fileRef = 8CE48A6E27912952002FE12B /* AddNewCategoryView.swift */; };
		8CE48A7627912F77002FE12B /* Symbols.swift in Sources */ = {isa = PBXBuildFile; fileRef = 8CE48A7327912F77002FE12B /* Symbols.swift */; };
		8CE48A7727912F77002FE12B /* SFSymbolsPicker.swift in Sources */ = {isa = PBXBuildFile; fileRef = 8CE48A7427912F77002FE12B /* SFSymbolsPicker.swift */; };
		8CE48A8927915739002FE12B /* PersistentContainer.swift in Sources */ = {isa = PBXBuildFile; fileRef = 8CE48A8827915739002FE12B /* PersistentContainer.swift */; };
		8CE48A9327915B48002FE12B /* DynamicFilteredView.swift in Sources */ = {isa = PBXBuildFile; fileRef = 8CE48A9227915B48002FE12B /* DynamicFilteredView.swift */; };
		8CE48A9D27916F89002FE12B /* CategoriesCollectionView.swift in Sources */ = {isa = PBXBuildFile; fileRef = 8CE48A9C27916F89002FE12B /* CategoriesCollectionView.swift */; };
		8CE48AA0279177E2002FE12B /* TaskRow.swift in Sources */ = {isa = PBXBuildFile; fileRef = 8CE48A9F279177E2002FE12B /* TaskRow.swift */; };
		8CE48AA52793337C002FE12B /* TaskDB+CoreDataClass.swift in Sources */ = {isa = PBXBuildFile; fileRef = 8CE48AA12793337C002FE12B /* TaskDB+CoreDataClass.swift */; };
		8CE48AA62793337C002FE12B /* TaskDB+CoreDataProperties.swift in Sources */ = {isa = PBXBuildFile; fileRef = 8CE48AA22793337C002FE12B /* TaskDB+CoreDataProperties.swift */; };
		8CE48AA72793337C002FE12B /* CategoryDB+CoreDataClass.swift in Sources */ = {isa = PBXBuildFile; fileRef = 8CE48AA32793337C002FE12B /* CategoryDB+CoreDataClass.swift */; };
		8CE48AA82793337C002FE12B /* CategoryDB+CoreDataProperties.swift in Sources */ = {isa = PBXBuildFile; fileRef = 8CE48AA42793337C002FE12B /* CategoryDB+CoreDataProperties.swift */; };
		8CE79305278458F6002BD8D9 /* MainView.swift in Sources */ = {isa = PBXBuildFile; fileRef = 8CE79304278458F6002BD8D9 /* MainView.swift */; };
		8CE7930727845DAE002BD8D9 /* MenuButton.swift in Sources */ = {isa = PBXBuildFile; fileRef = 8CE7930627845DAE002BD8D9 /* MenuButton.swift */; };
		8CE7930927846758002BD8D9 /* SideMenu.swift in Sources */ = {isa = PBXBuildFile; fileRef = 8CE7930827846758002BD8D9 /* SideMenu.swift */; };
		8CE7930B278468FE002BD8D9 /* Home.swift in Sources */ = {isa = PBXBuildFile; fileRef = 8CE7930A278468FE002BD8D9 /* Home.swift */; };
/* End PBXBuildFile section */

/* Begin PBXFileReference section */
		8C8526D02785545000BDC6C2 /* UIScreen+Extension.swift */ = {isa = PBXFileReference; lastKnownFileType = sourcecode.swift; path = "UIScreen+Extension.swift"; sourceTree = "<group>"; };
		8C8526D327855EE500BDC6C2 /* SettingsPageView.swift */ = {isa = PBXFileReference; lastKnownFileType = sourcecode.swift; path = SettingsPageView.swift; sourceTree = "<group>"; };
		8C8526D527857B4500BDC6C2 /* SideMenuViewModel.swift */ = {isa = PBXFileReference; lastKnownFileType = sourcecode.swift; path = SideMenuViewModel.swift; sourceTree = "<group>"; };
		8C8526D92785985D00BDC6C2 /* AnalyticsPageView.swift */ = {isa = PBXFileReference; lastKnownFileType = sourcecode.swift; path = AnalyticsPageView.swift; sourceTree = "<group>"; };
		8C8526DC278598A100BDC6C2 /* CategoriesPageView.swift */ = {isa = PBXFileReference; lastKnownFileType = sourcecode.swift; path = CategoriesPageView.swift; sourceTree = "<group>"; };
		8C8526DF2785992300BDC6C2 /* TemplatesPageView.swift */ = {isa = PBXFileReference; lastKnownFileType = sourcecode.swift; path = TemplatesPageView.swift; sourceTree = "<group>"; };
		8C8526E227859A1200BDC6C2 /* BaseViewMenu.swift */ = {isa = PBXFileReference; lastKnownFileType = sourcecode.swift; path = BaseViewMenu.swift; sourceTree = "<group>"; };
		8C8526EC278708BD00BDC6C2 /* CategoriesViewCell.swift */ = {isa = PBXFileReference; lastKnownFileType = sourcecode.swift; path = CategoriesViewCell.swift; sourceTree = "<group>"; };
		8C8526EE27870B2500BDC6C2 /* CategoriesData.swift */ = {isa = PBXFileReference; fileEncoding = 4; lastKnownFileType = sourcecode.swift; path = CategoriesData.swift; sourceTree = "<group>"; };
		8CC07174278C25C200410BA0 /* Info.plist */ = {isa = PBXFileReference; lastKnownFileType = text.plist; path = Info.plist; sourceTree = "<group>"; };
		8CC07176278C26B900410BA0 /* MyAppDelegate.swift */ = {isa = PBXFileReference; lastKnownFileType = sourcecode.swift; path = MyAppDelegate.swift; sourceTree = "<group>"; };
		8CC0717A278C3D2F00410BA0 /* ListsTaskPageView.swift */ = {isa = PBXFileReference; lastKnownFileType = sourcecode.swift; path = ListsTaskPageView.swift; sourceTree = "<group>"; };
		8CC0717C278C4CED00410BA0 /* UIView+Extension.swift */ = {isa = PBXFileReference; lastKnownFileType = sourcecode.swift; path = "UIView+Extension.swift"; sourceTree = "<group>"; };
		8CE2020D277D6B050002926D /* LearnSwiftUI.app */ = {isa = PBXFileReference; explicitFileType = wrapper.application; includeInIndex = 0; path = LearnSwiftUI.app; sourceTree = BUILT_PRODUCTS_DIR; };
		8CE20210277D6B050002926D /* LearnSwiftUIApp.swift */ = {isa = PBXFileReference; lastKnownFileType = sourcecode.swift; path = LearnSwiftUIApp.swift; sourceTree = "<group>"; };
		8CE20212277D6B050002926D /* ContentView.swift */ = {isa = PBXFileReference; lastKnownFileType = sourcecode.swift; path = ContentView.swift; sourceTree = "<group>"; };
		8CE20214277D6B070002926D /* Assets.xcassets */ = {isa = PBXFileReference; lastKnownFileType = folder.assetcatalog; path = Assets.xcassets; sourceTree = "<group>"; };
		8CE20217277D6B070002926D /* Preview Assets.xcassets */ = {isa = PBXFileReference; lastKnownFileType = folder.assetcatalog; path = "Preview Assets.xcassets"; sourceTree = "<group>"; };
		8CE20220277D6FA70002926D /* CircleImage.swift */ = {isa = PBXFileReference; lastKnownFileType = sourcecode.swift; path = CircleImage.swift; sourceTree = "<group>"; };
		8CE20222277D71F40002926D /* Mapview.swift */ = {isa = PBXFileReference; lastKnownFileType = sourcecode.swift; path = Mapview.swift; sourceTree = "<group>"; };
		8CE20225277D8DBF0002926D /* landmarkData.json */ = {isa = PBXFileReference; fileEncoding = 4; lastKnownFileType = text.json; path = landmarkData.json; sourceTree = "<group>"; };
		8CE20227277D8DF70002926D /* LearnSwiftModel.swift */ = {isa = PBXFileReference; lastKnownFileType = sourcecode.swift; path = LearnSwiftModel.swift; sourceTree = "<group>"; };
		8CE20229277D8F070002926D /* ModelData.swift.swift */ = {isa = PBXFileReference; lastKnownFileType = sourcecode.swift; path = ModelData.swift.swift; sourceTree = "<group>"; };
		8CE2022D277D8F940002926D /* LearnSwiftUIRow.swift */ = {isa = PBXFileReference; lastKnownFileType = sourcecode.swift; path = LearnSwiftUIRow.swift; sourceTree = "<group>"; };
		8CE2022F277D91360002926D /* LearnSwiftUIList.swift */ = {isa = PBXFileReference; lastKnownFileType = sourcecode.swift; path = LearnSwiftUIList.swift; sourceTree = "<group>"; };
		8CE20231277D93E80002926D /* Detail.swift */ = {isa = PBXFileReference; lastKnownFileType = sourcecode.swift; path = Detail.swift; sourceTree = "<group>"; };
		8CE20235277D9B170002926D /* HomePageView.swift */ = {isa = PBXFileReference; lastKnownFileType = sourcecode.swift; path = HomePageView.swift; sourceTree = "<group>"; };
		8CE20239277DB07D0002926D /* DataModel.swift */ = {isa = PBXFileReference; lastKnownFileType = sourcecode.swift; path = DataModel.swift; sourceTree = "<group>"; };
		8CE2023C277DBF5E0002926D /* CategoryRow.swift */ = {isa = PBXFileReference; lastKnownFileType = sourcecode.swift; path = CategoryRow.swift; sourceTree = "<group>"; };
		8CE2023E277DBF980002926D /* TodayTaskRow.swift */ = {isa = PBXFileReference; lastKnownFileType = sourcecode.swift; path = TodayTaskRow.swift; sourceTree = "<group>"; };
		8CE48A4227901C5C002FE12B /* AddNewTaskPage.swift */ = {isa = PBXFileReference; lastKnownFileType = sourcecode.swift; path = AddNewTaskPage.swift; sourceTree = "<group>"; };
		8CE48A442790280E002FE12B /* MutilineTextView.swift */ = {isa = PBXFileReference; lastKnownFileType = sourcecode.swift; path = MutilineTextView.swift; sourceTree = "<group>"; };
		8CE48A48279044B5002FE12B /* WillDisappearHandler.swift */ = {isa = PBXFileReference; lastKnownFileType = sourcecode.swift; path = WillDisappearHandler.swift; sourceTree = "<group>"; };
		8CE48A4B27911D25002FE12B /* LearnSwiftUI.xcdatamodel */ = {isa = PBXFileReference; lastKnownFileType = wrapper.xcdatamodel; path = LearnSwiftUI.xcdatamodel; sourceTree = "<group>"; };
		8CE48A6E27912952002FE12B /* AddNewCategoryView.swift */ = {isa = PBXFileReference; lastKnownFileType = sourcecode.swift; path = AddNewCategoryView.swift; sourceTree = "<group>"; };
		8CE48A7327912F77002FE12B /* Symbols.swift */ = {isa = PBXFileReference; fileEncoding = 4; lastKnownFileType = sourcecode.swift; path = Symbols.swift; sourceTree = "<group>"; };
		8CE48A7427912F77002FE12B /* SFSymbolsPicker.swift */ = {isa = PBXFileReference; fileEncoding = 4; lastKnownFileType = sourcecode.swift; path = SFSymbolsPicker.swift; sourceTree = "<group>"; };
		8CE48A8827915739002FE12B /* PersistentContainer.swift */ = {isa = PBXFileReference; lastKnownFileType = sourcecode.swift; path = PersistentContainer.swift; sourceTree = "<group>"; };
		8CE48A9227915B48002FE12B /* DynamicFilteredView.swift */ = {isa = PBXFileReference; lastKnownFileType = sourcecode.swift; path = DynamicFilteredView.swift; sourceTree = "<group>"; };
		8CE48A9C27916F89002FE12B /* CategoriesCollectionView.swift */ = {isa = PBXFileReference; lastKnownFileType = sourcecode.swift; path = CategoriesCollectionView.swift; sourceTree = "<group>"; };
		8CE48A9F279177E2002FE12B /* TaskRow.swift */ = {isa = PBXFileReference; lastKnownFileType = sourcecode.swift; path = TaskRow.swift; sourceTree = "<group>"; };
		8CE48AA12793337C002FE12B /* TaskDB+CoreDataClass.swift */ = {isa = PBXFileReference; lastKnownFileType = sourcecode.swift; path = "TaskDB+CoreDataClass.swift"; sourceTree = "<group>"; };
		8CE48AA22793337C002FE12B /* TaskDB+CoreDataProperties.swift */ = {isa = PBXFileReference; lastKnownFileType = sourcecode.swift; path = "TaskDB+CoreDataProperties.swift"; sourceTree = "<group>"; };
		8CE48AA32793337C002FE12B /* CategoryDB+CoreDataClass.swift */ = {isa = PBXFileReference; lastKnownFileType = sourcecode.swift; path = "CategoryDB+CoreDataClass.swift"; sourceTree = "<group>"; };
		8CE48AA42793337C002FE12B /* CategoryDB+CoreDataProperties.swift */ = {isa = PBXFileReference; lastKnownFileType = sourcecode.swift; path = "CategoryDB+CoreDataProperties.swift"; sourceTree = "<group>"; };
		8CE79304278458F6002BD8D9 /* MainView.swift */ = {isa = PBXFileReference; lastKnownFileType = sourcecode.swift; path = MainView.swift; sourceTree = "<group>"; };
		8CE7930627845DAE002BD8D9 /* MenuButton.swift */ = {isa = PBXFileReference; lastKnownFileType = sourcecode.swift; path = MenuButton.swift; sourceTree = "<group>"; };
		8CE7930827846758002BD8D9 /* SideMenu.swift */ = {isa = PBXFileReference; lastKnownFileType = sourcecode.swift; path = SideMenu.swift; sourceTree = "<group>"; };
		8CE7930A278468FE002BD8D9 /* Home.swift */ = {isa = PBXFileReference; lastKnownFileType = sourcecode.swift; path = Home.swift; sourceTree = "<group>"; };
/* End PBXFileReference section */

/* Begin PBXFrameworksBuildPhase section */
		8CE2020A277D6B050002926D /* Frameworks */ = {
			isa = PBXFrameworksBuildPhase;
			buildActionMask = 2147483647;
			files = (
			);
			runOnlyForDeploymentPostprocessing = 0;
		};
/* End PBXFrameworksBuildPhase section */

/* Begin PBXGroup section */
		8C8526CF2785543D00BDC6C2 /* Extension */ = {
			isa = PBXGroup;
			children = (
				8C8526D02785545000BDC6C2 /* UIScreen+Extension.swift */,
				8CC0717C278C4CED00410BA0 /* UIView+Extension.swift */,
				8CE48A48279044B5002FE12B /* WillDisappearHandler.swift */,
			);
			path = Extension;
			sourceTree = "<group>";
		};
		8C8526D227855ED800BDC6C2 /* Settings */ = {
			isa = PBXGroup;
			children = (
				8C8526D327855EE500BDC6C2 /* SettingsPageView.swift */,
			);
			path = Settings;
			sourceTree = "<group>";
		};
		8C8526D82785984300BDC6C2 /* Analytics */ = {
			isa = PBXGroup;
			children = (
				8C8526D92785985D00BDC6C2 /* AnalyticsPageView.swift */,
			);
			path = Analytics;
			sourceTree = "<group>";
		};
		8C8526DB2785988900BDC6C2 /* Categories */ = {
			isa = PBXGroup;
			children = (
				8C8526EE27870B2500BDC6C2 /* CategoriesData.swift */,
				8C8526DC278598A100BDC6C2 /* CategoriesPageView.swift */,
				8C8526EC278708BD00BDC6C2 /* CategoriesViewCell.swift */,
				8CE48A6E27912952002FE12B /* AddNewCategoryView.swift */,
				8CE48A9C27916F89002FE12B /* CategoriesCollectionView.swift */,
			);
			path = Categories;
			sourceTree = "<group>";
		};
		8C8526DE2785991700BDC6C2 /* Templates */ = {
			isa = PBXGroup;
			children = (
				8C8526DF2785992300BDC6C2 /* TemplatesPageView.swift */,
			);
			path = Templates;
			sourceTree = "<group>";
		};
		8C8526E127859A0300BDC6C2 /* CustomViews */ = {
			isa = PBXGroup;
			children = (
				8C8526E227859A1200BDC6C2 /* BaseViewMenu.swift */,
			);
			path = CustomViews;
			sourceTree = "<group>";
		};
		8C8526E52786EECC00BDC6C2 /* View */ = {
			isa = PBXGroup;
			children = (
				8CE48A7027912F68002FE12B /* ImagePicker */,
				8CE20234277D9B090002926D /* Home */,
				8C8526DB2785988900BDC6C2 /* Categories */,
				8C8526DE2785991700BDC6C2 /* Templates */,
				8C8526D82785984300BDC6C2 /* Analytics */,
				8C8526D227855ED800BDC6C2 /* Settings */,
				8CC07179278C3D0C00410BA0 /* ListsTask */,
			);
			path = View;
			sourceTree = "<group>";
		};
		8CC07175278C26AB00410BA0 /* AppDelegate */ = {
			isa = PBXGroup;
			children = (
				8CC07176278C26B900410BA0 /* MyAppDelegate.swift */,
			);
			path = AppDelegate;
			sourceTree = "<group>";
		};
		8CC07179278C3D0C00410BA0 /* ListsTask */ = {
			isa = PBXGroup;
			children = (
				8CE48A9E279177B9002FE12B /* Row */,
				8CC0717A278C3D2F00410BA0 /* ListsTaskPageView.swift */,
				8CE48A4227901C5C002FE12B /* AddNewTaskPage.swift */,
				8CE48A442790280E002FE12B /* MutilineTextView.swift */,
			);
			path = ListsTask;
			sourceTree = "<group>";
		};
		8CE20204277D6B050002926D = {
			isa = PBXGroup;
			children = (
				8CE2020F277D6B050002926D /* LearnSwiftUI */,
				8CE2020E277D6B050002926D /* Products */,
			);
			sourceTree = "<group>";
		};
		8CE2020E277D6B050002926D /* Products */ = {
			isa = PBXGroup;
			children = (
				8CE2020D277D6B050002926D /* LearnSwiftUI.app */,
			);
			name = Products;
			sourceTree = "<group>";
		};
		8CE2020F277D6B050002926D /* LearnSwiftUI */ = {
			isa = PBXGroup;
			children = (
				8CE48A552791230C002FE12B /* CoreData */,
				8CC07175278C26AB00410BA0 /* AppDelegate */,
				8CC07174278C25C200410BA0 /* Info.plist */,
				8CE79303278458E2002BD8D9 /* Menu */,
				8C8526E52786EECC00BDC6C2 /* View */,
				8C8526E127859A0300BDC6C2 /* CustomViews */,
				8C8526CF2785543D00BDC6C2 /* Extension */,
				8CE20233277D9A980002926D /* Demo */,
				8CE20224277D8DB10002926D /* Resources */,
				8CE20210277D6B050002926D /* LearnSwiftUIApp.swift */,
				8CE20212277D6B050002926D /* ContentView.swift */,
				8CE20214277D6B070002926D /* Assets.xcassets */,
				8CE20216277D6B070002926D /* Preview Content */,
				8CE48A4A27911D25002FE12B /* LearnSwiftUI.xcdatamodeld */,
			);
			path = LearnSwiftUI;
			sourceTree = "<group>";
		};
		8CE20216277D6B070002926D /* Preview Content */ = {
			isa = PBXGroup;
			children = (
				8CE20217277D6B070002926D /* Preview Assets.xcassets */,
			);
			path = "Preview Content";
			sourceTree = "<group>";
		};
		8CE20224277D8DB10002926D /* Resources */ = {
			isa = PBXGroup;
			children = (
				8CE20225277D8DBF0002926D /* landmarkData.json */,
			);
			path = Resources;
			sourceTree = "<group>";
		};
		8CE2022B277D8F520002926D /* Model */ = {
			isa = PBXGroup;
			children = (
				8CE20227277D8DF70002926D /* LearnSwiftModel.swift */,
				8CE20229277D8F070002926D /* ModelData.swift.swift */,
			);
			path = Model;
			sourceTree = "<group>";
		};
		8CE2022C277D8F740002926D /* Row */ = {
			isa = PBXGroup;
			children = (
				8CE2022D277D8F940002926D /* LearnSwiftUIRow.swift */,
			);
			path = Row;
			sourceTree = "<group>";
		};
		8CE20233277D9A980002926D /* Demo */ = {
			isa = PBXGroup;
			children = (
				8CE2022C277D8F740002926D /* Row */,
				8CE2022B277D8F520002926D /* Model */,
				8CE2022F277D91360002926D /* LearnSwiftUIList.swift */,
				8CE20220277D6FA70002926D /* CircleImage.swift */,
				8CE20222277D71F40002926D /* Mapview.swift */,
				8CE20231277D93E80002926D /* Detail.swift */,
			);
			path = Demo;
			sourceTree = "<group>";
		};
		8CE20234277D9B090002926D /* Home */ = {
			isa = PBXGroup;
			children = (
				8CE2023B277DBF460002926D /* Cell */,
				8CE20235277D9B170002926D /* HomePageView.swift */,
				8CE20239277DB07D0002926D /* DataModel.swift */,
			);
			path = Home;
			sourceTree = "<group>";
		};
		8CE2023B277DBF460002926D /* Cell */ = {
			isa = PBXGroup;
			children = (
				8CE2023C277DBF5E0002926D /* CategoryRow.swift */,
				8CE2023E277DBF980002926D /* TodayTaskRow.swift */,
			);
			path = Cell;
			sourceTree = "<group>";
		};
		8CE48A552791230C002FE12B /* CoreData */ = {
			isa = PBXGroup;
			children = (
				8CE48AA12793337C002FE12B /* TaskDB+CoreDataClass.swift */,
				8CE48AA22793337C002FE12B /* TaskDB+CoreDataProperties.swift */,
				8CE48AA32793337C002FE12B /* CategoryDB+CoreDataClass.swift */,
				8CE48AA42793337C002FE12B /* CategoryDB+CoreDataProperties.swift */,
				8CE48A8827915739002FE12B /* PersistentContainer.swift */,
				8CE48A9227915B48002FE12B /* DynamicFilteredView.swift */,
			);
			path = CoreData;
			sourceTree = "<group>";
		};
		8CE48A7027912F68002FE12B /* ImagePicker */ = {
			isa = PBXGroup;
			children = (
				8CE48A7127912F77002FE12B /* SFSymbolsPicker */,
			);
			path = ImagePicker;
			sourceTree = "<group>";
		};
		8CE48A7127912F77002FE12B /* SFSymbolsPicker */ = {
			isa = PBXGroup;
			children = (
				8CE48A7327912F77002FE12B /* Symbols.swift */,
				8CE48A7427912F77002FE12B /* SFSymbolsPicker.swift */,
			);
			path = SFSymbolsPicker;
			sourceTree = "<group>";
		};
		8CE48A9E279177B9002FE12B /* Row */ = {
			isa = PBXGroup;
			children = (
				8CE48A9F279177E2002FE12B /* TaskRow.swift */,
			);
			path = Row;
			sourceTree = "<group>";
		};
		8CE79303278458E2002BD8D9 /* Menu */ = {
			isa = PBXGroup;
			children = (
				8CE79304278458F6002BD8D9 /* MainView.swift */,
				8CE7930627845DAE002BD8D9 /* MenuButton.swift */,
				8CE7930827846758002BD8D9 /* SideMenu.swift */,
				8CE7930A278468FE002BD8D9 /* Home.swift */,
				8C8526D527857B4500BDC6C2 /* SideMenuViewModel.swift */,
			);
			path = Menu;
			sourceTree = "<group>";
		};
/* End PBXGroup section */

/* Begin PBXNativeTarget section */
		8CE2020C277D6B050002926D /* LearnSwiftUI */ = {
			isa = PBXNativeTarget;
			buildConfigurationList = 8CE2021B277D6B070002926D /* Build configuration list for PBXNativeTarget "LearnSwiftUI" */;
			buildPhases = (
				8CE20209277D6B050002926D /* Sources */,
				8CE2020A277D6B050002926D /* Frameworks */,
				8CE2020B277D6B050002926D /* Resources */,
			);
			buildRules = (
			);
			dependencies = (
			);
			name = LearnSwiftUI;
			productName = LearnSwiftUI;
			productReference = 8CE2020D277D6B050002926D /* LearnSwiftUI.app */;
			productType = "com.apple.product-type.application";
		};
/* End PBXNativeTarget section */

/* Begin PBXProject section */
		8CE20205277D6B050002926D /* Project object */ = {
			isa = PBXProject;
			attributes = {
				BuildIndependentTargetsInParallel = 1;
				LastSwiftUpdateCheck = 1310;
				LastUpgradeCheck = 1310;
				TargetAttributes = {
					8CE2020C277D6B050002926D = {
						CreatedOnToolsVersion = 13.1;
					};
				};
			};
			buildConfigurationList = 8CE20208277D6B050002926D /* Build configuration list for PBXProject "LearnSwiftUI" */;
			compatibilityVersion = "Xcode 13.0";
			developmentRegion = en;
			hasScannedForEncodings = 0;
			knownRegions = (
				en,
				Base,
			);
			mainGroup = 8CE20204277D6B050002926D;
			productRefGroup = 8CE2020E277D6B050002926D /* Products */;
			projectDirPath = "";
			projectRoot = "";
			targets = (
				8CE2020C277D6B050002926D /* LearnSwiftUI */,
			);
		};
/* End PBXProject section */

/* Begin PBXResourcesBuildPhase section */
		8CE2020B277D6B050002926D /* Resources */ = {
			isa = PBXResourcesBuildPhase;
			buildActionMask = 2147483647;
			files = (
				8CE20218277D6B070002926D /* Preview Assets.xcassets in Resources */,
				8CE20215277D6B070002926D /* Assets.xcassets in Resources */,
				8CE20226277D8DBF0002926D /* landmarkData.json in Resources */,
			);
			runOnlyForDeploymentPostprocessing = 0;
		};
/* End PBXResourcesBuildPhase section */

/* Begin PBXSourcesBuildPhase section */
		8CE20209277D6B050002926D /* Sources */ = {
			isa = PBXSourcesBuildPhase;
			buildActionMask = 2147483647;
			files = (
				8CE2023F277DBF980002926D /* TodayTaskRow.swift in Sources */,
				8CE79305278458F6002BD8D9 /* MainView.swift in Sources */,
				8CE7930727845DAE002BD8D9 /* MenuButton.swift in Sources */,
				8CE7930927846758002BD8D9 /* SideMenu.swift in Sources */,
				8CE2022E277D8F940002926D /* LearnSwiftUIRow.swift in Sources */,
				8C8526DA2785985D00BDC6C2 /* AnalyticsPageView.swift in Sources */,
				8CE48A9327915B48002FE12B /* DynamicFilteredView.swift in Sources */,
				8CC0717B278C3D2F00410BA0 /* ListsTaskPageView.swift in Sources */,
				8CE48A9D27916F89002FE12B /* CategoriesCollectionView.swift in Sources */,
				8C8526D12785545000BDC6C2 /* UIScreen+Extension.swift in Sources */,
				8CE20213277D6B050002926D /* ContentView.swift in Sources */,
				8CE48AA0279177E2002FE12B /* TaskRow.swift in Sources */,
				8C8526E327859A1200BDC6C2 /* BaseViewMenu.swift in Sources */,
				8CE7930B278468FE002BD8D9 /* Home.swift in Sources */,
				8CE48A7727912F77002FE12B /* SFSymbolsPicker.swift in Sources */,
				8C8526E02785992300BDC6C2 /* TemplatesPageView.swift in Sources */,
				8CE48AA82793337C002FE12B /* CategoryDB+CoreDataProperties.swift in Sources */,
				8C8526D627857B4500BDC6C2 /* SideMenuViewModel.swift in Sources */,
				8CE20236277D9B170002926D /* HomePageView.swift in Sources */,
				8CE20232277D93E80002926D /* Detail.swift in Sources */,
				8CE48A49279044B5002FE12B /* WillDisappearHandler.swift in Sources */,
				8CE20223277D71F40002926D /* Mapview.swift in Sources */,
				8CE48AA72793337C002FE12B /* CategoryDB+CoreDataClass.swift in Sources */,
				8CE48AA62793337C002FE12B /* TaskDB+CoreDataProperties.swift in Sources */,
				8CE48A4327901C5C002FE12B /* AddNewTaskPage.swift in Sources */,
				8CE2023A277DB07D0002926D /* DataModel.swift in Sources */,
				8CE48A6F27912952002FE12B /* AddNewCategoryView.swift in Sources */,
				8CE48A4C27911D26002FE12B /* LearnSwiftUI.xcdatamodeld in Sources */,
				8CC0717D278C4CED00410BA0 /* UIView+Extension.swift in Sources */,
				8CE48A7627912F77002FE12B /* Symbols.swift in Sources */,
				8CE20230277D91360002926D /* LearnSwiftUIList.swift in Sources */,
				8CE2022A277D8F070002926D /* ModelData.swift.swift in Sources */,
				8CE20211277D6B050002926D /* LearnSwiftUIApp.swift in Sources */,
				8CE20221277D6FA70002926D /* CircleImage.swift in Sources */,
				8CE2023D277DBF5E0002926D /* CategoryRow.swift in Sources */,
				8C8526DD278598A100BDC6C2 /* CategoriesPageView.swift in Sources */,
				8CE48AA52793337C002FE12B /* TaskDB+CoreDataClass.swift in Sources */,
				8CE20228277D8DF70002926D /* LearnSwiftModel.swift in Sources */,
				8CE48A452790280E002FE12B /* MutilineTextView.swift in Sources */,
				8CC07177278C26B900410BA0 /* MyAppDelegate.swift in Sources */,
				8C8526EF27870B2500BDC6C2 /* CategoriesData.swift in Sources */,
				8C8526ED278708BD00BDC6C2 /* CategoriesViewCell.swift in Sources */,
				8CE48A8927915739002FE12B /* PersistentContainer.swift in Sources */,
				8C8526D427855EE500BDC6C2 /* SettingsPageView.swift in Sources */,
			);
			runOnlyForDeploymentPostprocessing = 0;
		};
/* End PBXSourcesBuildPhase section */

/* Begin XCBuildConfiguration section */
		8CE20219277D6B070002926D /* Debug */ = {
			isa = XCBuildConfiguration;
			buildSettings = {
				ALWAYS_SEARCH_USER_PATHS = NO;
				CLANG_ANALYZER_NONNULL = YES;
				CLANG_ANALYZER_NUMBER_OBJECT_CONVERSION = YES_AGGRESSIVE;
				CLANG_CXX_LANGUAGE_STANDARD = "gnu++17";
				CLANG_CXX_LIBRARY = "libc++";
				CLANG_ENABLE_MODULES = YES;
				CLANG_ENABLE_OBJC_ARC = YES;
				CLANG_ENABLE_OBJC_WEAK = YES;
				CLANG_WARN_BLOCK_CAPTURE_AUTORELEASING = YES;
				CLANG_WARN_BOOL_CONVERSION = YES;
				CLANG_WARN_COMMA = YES;
				CLANG_WARN_CONSTANT_CONVERSION = YES;
				CLANG_WARN_DEPRECATED_OBJC_IMPLEMENTATIONS = YES;
				CLANG_WARN_DIRECT_OBJC_ISA_USAGE = YES_ERROR;
				CLANG_WARN_DOCUMENTATION_COMMENTS = YES;
				CLANG_WARN_EMPTY_BODY = YES;
				CLANG_WARN_ENUM_CONVERSION = YES;
				CLANG_WARN_INFINITE_RECURSION = YES;
				CLANG_WARN_INT_CONVERSION = YES;
				CLANG_WARN_NON_LITERAL_NULL_CONVERSION = YES;
				CLANG_WARN_OBJC_IMPLICIT_RETAIN_SELF = YES;
				CLANG_WARN_OBJC_LITERAL_CONVERSION = YES;
				CLANG_WARN_OBJC_ROOT_CLASS = YES_ERROR;
				CLANG_WARN_QUOTED_INCLUDE_IN_FRAMEWORK_HEADER = YES;
				CLANG_WARN_RANGE_LOOP_ANALYSIS = YES;
				CLANG_WARN_STRICT_PROTOTYPES = YES;
				CLANG_WARN_SUSPICIOUS_MOVE = YES;
				CLANG_WARN_UNGUARDED_AVAILABILITY = YES_AGGRESSIVE;
				CLANG_WARN_UNREACHABLE_CODE = YES;
				CLANG_WARN__DUPLICATE_METHOD_MATCH = YES;
				COPY_PHASE_STRIP = NO;
				DEBUG_INFORMATION_FORMAT = dwarf;
				ENABLE_STRICT_OBJC_MSGSEND = YES;
				ENABLE_TESTABILITY = YES;
				GCC_C_LANGUAGE_STANDARD = gnu11;
				GCC_DYNAMIC_NO_PIC = NO;
				GCC_NO_COMMON_BLOCKS = YES;
				GCC_OPTIMIZATION_LEVEL = 0;
				GCC_PREPROCESSOR_DEFINITIONS = (
					"DEBUG=1",
					"$(inherited)",
				);
				GCC_WARN_64_TO_32_BIT_CONVERSION = YES;
				GCC_WARN_ABOUT_RETURN_TYPE = YES_ERROR;
				GCC_WARN_UNDECLARED_SELECTOR = YES;
				GCC_WARN_UNINITIALIZED_AUTOS = YES_AGGRESSIVE;
				GCC_WARN_UNUSED_FUNCTION = YES;
				GCC_WARN_UNUSED_VARIABLE = YES;
				IPHONEOS_DEPLOYMENT_TARGET = 15.0;
				MTL_ENABLE_DEBUG_INFO = INCLUDE_SOURCE;
				MTL_FAST_MATH = YES;
				ONLY_ACTIVE_ARCH = YES;
				SDKROOT = iphoneos;
				SWIFT_ACTIVE_COMPILATION_CONDITIONS = DEBUG;
				SWIFT_OPTIMIZATION_LEVEL = "-Onone";
			};
			name = Debug;
		};
		8CE2021A277D6B070002926D /* Release */ = {
			isa = XCBuildConfiguration;
			buildSettings = {
				ALWAYS_SEARCH_USER_PATHS = NO;
				CLANG_ANALYZER_NONNULL = YES;
				CLANG_ANALYZER_NUMBER_OBJECT_CONVERSION = YES_AGGRESSIVE;
				CLANG_CXX_LANGUAGE_STANDARD = "gnu++17";
				CLANG_CXX_LIBRARY = "libc++";
				CLANG_ENABLE_MODULES = YES;
				CLANG_ENABLE_OBJC_ARC = YES;
				CLANG_ENABLE_OBJC_WEAK = YES;
				CLANG_WARN_BLOCK_CAPTURE_AUTORELEASING = YES;
				CLANG_WARN_BOOL_CONVERSION = YES;
				CLANG_WARN_COMMA = YES;
				CLANG_WARN_CONSTANT_CONVERSION = YES;
				CLANG_WARN_DEPRECATED_OBJC_IMPLEMENTATIONS = YES;
				CLANG_WARN_DIRECT_OBJC_ISA_USAGE = YES_ERROR;
				CLANG_WARN_DOCUMENTATION_COMMENTS = YES;
				CLANG_WARN_EMPTY_BODY = YES;
				CLANG_WARN_ENUM_CONVERSION = YES;
				CLANG_WARN_INFINITE_RECURSION = YES;
				CLANG_WARN_INT_CONVERSION = YES;
				CLANG_WARN_NON_LITERAL_NULL_CONVERSION = YES;
				CLANG_WARN_OBJC_IMPLICIT_RETAIN_SELF = YES;
				CLANG_WARN_OBJC_LITERAL_CONVERSION = YES;
				CLANG_WARN_OBJC_ROOT_CLASS = YES_ERROR;
				CLANG_WARN_QUOTED_INCLUDE_IN_FRAMEWORK_HEADER = YES;
				CLANG_WARN_RANGE_LOOP_ANALYSIS = YES;
				CLANG_WARN_STRICT_PROTOTYPES = YES;
				CLANG_WARN_SUSPICIOUS_MOVE = YES;
				CLANG_WARN_UNGUARDED_AVAILABILITY = YES_AGGRESSIVE;
				CLANG_WARN_UNREACHABLE_CODE = YES;
				CLANG_WARN__DUPLICATE_METHOD_MATCH = YES;
				COPY_PHASE_STRIP = NO;
				DEBUG_INFORMATION_FORMAT = "dwarf-with-dsym";
				ENABLE_NS_ASSERTIONS = NO;
				ENABLE_STRICT_OBJC_MSGSEND = YES;
				GCC_C_LANGUAGE_STANDARD = gnu11;
				GCC_NO_COMMON_BLOCKS = YES;
				GCC_WARN_64_TO_32_BIT_CONVERSION = YES;
				GCC_WARN_ABOUT_RETURN_TYPE = YES_ERROR;
				GCC_WARN_UNDECLARED_SELECTOR = YES;
				GCC_WARN_UNINITIALIZED_AUTOS = YES_AGGRESSIVE;
				GCC_WARN_UNUSED_FUNCTION = YES;
				GCC_WARN_UNUSED_VARIABLE = YES;
				IPHONEOS_DEPLOYMENT_TARGET = 15.0;
				MTL_ENABLE_DEBUG_INFO = NO;
				MTL_FAST_MATH = YES;
				SDKROOT = iphoneos;
				SWIFT_COMPILATION_MODE = wholemodule;
				SWIFT_OPTIMIZATION_LEVEL = "-O";
				VALIDATE_PRODUCT = YES;
			};
			name = Release;
		};
		8CE2021C277D6B070002926D /* Debug */ = {
			isa = XCBuildConfiguration;
			buildSettings = {
				ASSETCATALOG_COMPILER_APPICON_NAME = AppIcon;
				ASSETCATALOG_COMPILER_GLOBAL_ACCENT_COLOR_NAME = AccentColor;
				CODE_SIGN_STYLE = Automatic;
				CURRENT_PROJECT_VERSION = 1;
				DEVELOPMENT_ASSET_PATHS = "\"LearnSwiftUI/Preview Content\"";
				ENABLE_PREVIEWS = YES;
				GENERATE_INFOPLIST_FILE = YES;
				INFOPLIST_FILE = LearnSwiftUI/Info.plist;
				INFOPLIST_KEY_UIApplicationSceneManifest_Generation = YES;
				INFOPLIST_KEY_UIApplicationSupportsIndirectInputEvents = YES;
				INFOPLIST_KEY_UILaunchScreen_Generation = YES;
				INFOPLIST_KEY_UISupportedInterfaceOrientations_iPad = "UIInterfaceOrientationPortrait UIInterfaceOrientationPortraitUpsideDown UIInterfaceOrientationLandscapeLeft UIInterfaceOrientationLandscapeRight";
				INFOPLIST_KEY_UISupportedInterfaceOrientations_iPhone = "UIInterfaceOrientationPortrait UIInterfaceOrientationLandscapeLeft UIInterfaceOrientationLandscapeRight";
				LD_RUNPATH_SEARCH_PATHS = (
					"$(inherited)",
					"@executable_path/Frameworks",
				);
				MARKETING_VERSION = 1.0;
				PRODUCT_BUNDLE_IDENTIFIER = com.hdwebsort.LearnSwiftUI;
				PRODUCT_NAME = "$(TARGET_NAME)";
				SWIFT_EMIT_LOC_STRINGS = YES;
				SWIFT_VERSION = 5.0;
				TARGETED_DEVICE_FAMILY = "1,2";
			};
			name = Debug;
		};
		8CE2021D277D6B070002926D /* Release */ = {
			isa = XCBuildConfiguration;
			buildSettings = {
				ASSETCATALOG_COMPILER_APPICON_NAME = AppIcon;
				ASSETCATALOG_COMPILER_GLOBAL_ACCENT_COLOR_NAME = AccentColor;
				CODE_SIGN_STYLE = Automatic;
				CURRENT_PROJECT_VERSION = 1;
				DEVELOPMENT_ASSET_PATHS = "\"LearnSwiftUI/Preview Content\"";
				ENABLE_PREVIEWS = YES;
				GENERATE_INFOPLIST_FILE = YES;
				INFOPLIST_FILE = LearnSwiftUI/Info.plist;
				INFOPLIST_KEY_UIApplicationSceneManifest_Generation = YES;
				INFOPLIST_KEY_UIApplicationSupportsIndirectInputEvents = YES;
				INFOPLIST_KEY_UILaunchScreen_Generation = YES;
				INFOPLIST_KEY_UISupportedInterfaceOrientations_iPad = "UIInterfaceOrientationPortrait UIInterfaceOrientationPortraitUpsideDown UIInterfaceOrientationLandscapeLeft UIInterfaceOrientationLandscapeRight";
				INFOPLIST_KEY_UISupportedInterfaceOrientations_iPhone = "UIInterfaceOrientationPortrait UIInterfaceOrientationLandscapeLeft UIInterfaceOrientationLandscapeRight";
				LD_RUNPATH_SEARCH_PATHS = (
					"$(inherited)",
					"@executable_path/Frameworks",
				);
				MARKETING_VERSION = 1.0;
				PRODUCT_BUNDLE_IDENTIFIER = com.hdwebsort.LearnSwiftUI;
				PRODUCT_NAME = "$(TARGET_NAME)";
				SWIFT_EMIT_LOC_STRINGS = YES;
				SWIFT_VERSION = 5.0;
				TARGETED_DEVICE_FAMILY = "1,2";
			};
			name = Release;
		};
/* End XCBuildConfiguration section */

/* Begin XCConfigurationList section */
		8CE20208277D6B050002926D /* Build configuration list for PBXProject "LearnSwiftUI" */ = {
			isa = XCConfigurationList;
			buildConfigurations = (
				8CE20219277D6B070002926D /* Debug */,
				8CE2021A277D6B070002926D /* Release */,
			);
			defaultConfigurationIsVisible = 0;
			defaultConfigurationName = Release;
		};
		8CE2021B277D6B070002926D /* Build configuration list for PBXNativeTarget "LearnSwiftUI" */ = {
			isa = XCConfigurationList;
			buildConfigurations = (
				8CE2021C277D6B070002926D /* Debug */,
				8CE2021D277D6B070002926D /* Release */,
			);
			defaultConfigurationIsVisible = 0;
			defaultConfigurationName = Release;
		};
/* End XCConfigurationList section */

/* Begin XCVersionGroup section */
		8CE48A4A27911D25002FE12B /* LearnSwiftUI.xcdatamodeld */ = {
			isa = XCVersionGroup;
			children = (
				8CE48A4B27911D25002FE12B /* LearnSwiftUI.xcdatamodel */,
			);
			currentVersion = 8CE48A4B27911D25002FE12B /* LearnSwiftUI.xcdatamodel */;
			path = LearnSwiftUI.xcdatamodeld;
			sourceTree = "<group>";
			versionGroupType = wrapper.xcdatamodel;
		};
/* End XCVersionGroup section */
	};
	rootObject = 8CE20205277D6B050002926D /* Project object */;
}
